
Microsoft Visual Studio Solution File, Format Version 12.00
# Visual Studio Version 17
VisualStudioVersion = 17.2.32616.157
MinimumVisualStudioVersion = 10.0.40219.1
Project("{FAE04EC0-301F-11D3-BF4B-00C04F79EFBC}") = "Palink.Wpf", "Palink.Wpf\Palink.Wpf.csproj", "{55418EA7-67BF-4BAD-9CDB-1F23ADF2334D}"
EndProject
Global
	GlobalSection(SolutionConfigurationPlatforms) = preSolution
		Debug|Any CPU = Debug|Any CPU
		Release|Any CPU = Release|Any CPU
	EndGlobalSection
	GlobalSection(ProjectConfigurationPlatforms) = postSolution
		{55418EA7-67BF-4BAD-9CDB-1F23ADF2334D}.Debug|Any CPU.ActiveCfg = Debug|Any CPU
		{55418EA7-67BF-4BAD-9CDB-1F23ADF2334D}.Debug|Any CPU.Build.0 = Debug|Any CPU
		{55418EA7-67BF-4BAD-9CDB-1F23ADF2334D}.Release|Any CPU.ActiveCfg = Release|Any CPU
		{55418EA7-67BF-4BAD-9CDB-1F23ADF2334D}.Release|Any CPU.Build.0 = Release|Any CPU
	EndGlobalSection
	GlobalSection(SolutionProperties) = preSolution
		HideSolutionNode = FALSE
	EndGlobalSection
	GlobalSection(ExtensibilityGlobals) = postSolution
		SolutionGuid = {53807A3C-D0A1-46ED-95F7-730B5F7A1117}
	EndGlobalSection
EndGlobal
